
Microsoft Visual Studio Solution File, Format Version 12.00
# Visual Studio 14
VisualStudioVersion = 14.0.25420.1
MinimumVisualStudioVersion = 10.0.40219.1
Project("{FAE04EC0-301F-11D3-BF4B-00C04F79EFBC}") = "NoBSCRM", "NoBSCRM\NoBSCRM.csproj", "{2ECF3E85-AEA1-499C-B1A4-5BFC4D3A094B}"
EndProject
Project("{FAE04EC0-301F-11D3-BF4B-00C04F79EFBC}") = "CRMTestProject", "CRMTestProject\CRMTestProject.csproj", "{26284C0C-6789-41D2-ACC0-4B5421E51144}"
EndProject
Project("{FAE04EC0-301F-11D3-BF4B-00C04F79EFBC}") = "Models", "ModelLayer\Models.csproj", "{006ADAB0-FF95-41EF-8F1A-510F89869A3B}"
EndProject
Project("{FAE04EC0-301F-11D3-BF4B-00C04F79EFBC}") = "ViewModels", "ViewModels\ViewModels.csproj", "{2BE2F601-1F6A-45DE-A490-6A51963E8257}"
EndProject
Project("{FAE04EC0-301F-11D3-BF4B-00C04F79EFBC}") = "Utils", "Utils\Utils.csproj", "{2DAB1D3F-DBF2-43B2-9ADC-FE8A01EB30E7}"
EndProject
Project("{FAE04EC0-301F-11D3-BF4B-00C04F79EFBC}") = "Repositories", "Repositories\Repositories.csproj", "{8B738E5F-D1EC-42B2-A13E-E4DF3D95D874}"
EndProject
Project("{FAE04EC0-301F-11D3-BF4B-00C04F79EFBC}") = "ViewModelsTestProject", "ViewModelsTestProject\ViewModelsTestProject.csproj", "{8EDF4429-251A-416D-BB68-93F227191BCF}"
EndProject
Global
	GlobalSection(SolutionConfigurationPlatforms) = preSolution
		Debug|Any CPU = Debug|Any CPU
		Debug|ARM = Debug|ARM
		Debug|x64 = Debug|x64
		Debug|x86 = Debug|x86
		Release|Any CPU = Release|Any CPU
		Release|ARM = Release|ARM
		Release|x64 = Release|x64
		Release|x86 = Release|x86
	EndGlobalSection
	GlobalSection(ProjectConfigurationPlatforms) = postSolution
		{2ECF3E85-AEA1-499C-B1A4-5BFC4D3A094B}.Debug|Any CPU.ActiveCfg = Debug|x86
		{2ECF3E85-AEA1-499C-B1A4-5BFC4D3A094B}.Debug|ARM.ActiveCfg = Debug|ARM
		{2ECF3E85-AEA1-499C-B1A4-5BFC4D3A094B}.Debug|ARM.Build.0 = Debug|ARM
		{2ECF3E85-AEA1-499C-B1A4-5BFC4D3A094B}.Debug|ARM.Deploy.0 = Debug|ARM
		{2ECF3E85-AEA1-499C-B1A4-5BFC4D3A094B}.Debug|x64.ActiveCfg = Debug|x64
		{2ECF3E85-AEA1-499C-B1A4-5BFC4D3A094B}.Debug|x64.Build.0 = Debug|x64
		{2ECF3E85-AEA1-499C-B1A4-5BFC4D3A094B}.Debug|x64.Deploy.0 = Debug|x64
		{2ECF3E85-AEA1-499C-B1A4-5BFC4D3A094B}.Debug|x86.ActiveCfg = Debug|x86
		{2ECF3E85-AEA1-499C-B1A4-5BFC4D3A094B}.Debug|x86.Build.0 = Debug|x86
		{2ECF3E85-AEA1-499C-B1A4-5BFC4D3A094B}.Debug|x86.Deploy.0 = Debug|x86
		{2ECF3E85-AEA1-499C-B1A4-5BFC4D3A094B}.Release|Any CPU.ActiveCfg = Release|x86
		{2ECF3E85-AEA1-499C-B1A4-5BFC4D3A094B}.Release|ARM.ActiveCfg = Release|ARM
		{2ECF3E85-AEA1-499C-B1A4-5BFC4D3A094B}.Release|ARM.Build.0 = Release|ARM
		{2ECF3E85-AEA1-499C-B1A4-5BFC4D3A094B}.Release|ARM.Deploy.0 = Release|ARM
		{2ECF3E85-AEA1-499C-B1A4-5BFC4D3A094B}.Release|x64.ActiveCfg = Release|x64
		{2ECF3E85-AEA1-499C-B1A4-5BFC4D3A094B}.Release|x64.Build.0 = Release|x64
		{2ECF3E85-AEA1-499C-B1A4-5BFC4D3A094B}.Release|x64.Deploy.0 = Release|x64
		{2ECF3E85-AEA1-499C-B1A4-5BFC4D3A094B}.Release|x86.ActiveCfg = Release|x86
		{2ECF3E85-AEA1-499C-B1A4-5BFC4D3A094B}.Release|x86.Build.0 = Release|x86
		{2ECF3E85-AEA1-499C-B1A4-5BFC4D3A094B}.Release|x86.Deploy.0 = Release|x86
		{26284C0C-6789-41D2-ACC0-4B5421E51144}.Debug|Any CPU.ActiveCfg = Debug|x86
		{26284C0C-6789-41D2-ACC0-4B5421E51144}.Debug|ARM.ActiveCfg = Debug|ARM
		{26284C0C-6789-41D2-ACC0-4B5421E51144}.Debug|ARM.Build.0 = Debug|ARM
		{26284C0C-6789-41D2-ACC0-4B5421E51144}.Debug|ARM.Deploy.0 = Debug|ARM
		{26284C0C-6789-41D2-ACC0-4B5421E51144}.Debug|x64.ActiveCfg = Debug|x64
		{26284C0C-6789-41D2-ACC0-4B5421E51144}.Debug|x64.Build.0 = Debug|x64
		{26284C0C-6789-41D2-ACC0-4B5421E51144}.Debug|x64.Deploy.0 = Debug|x64
		{26284C0C-6789-41D2-ACC0-4B5421E51144}.Debug|x86.ActiveCfg = Debug|x86
		{26284C0C-6789-41D2-ACC0-4B5421E51144}.Debug|x86.Build.0 = Debug|x86
		{26284C0C-6789-41D2-ACC0-4B5421E51144}.Debug|x86.Deploy.0 = Debug|x86
		{26284C0C-6789-41D2-ACC0-4B5421E51144}.Release|Any CPU.ActiveCfg = Release|x86
		{26284C0C-6789-41D2-ACC0-4B5421E51144}.Release|ARM.ActiveCfg = Release|ARM
		{26284C0C-6789-41D2-ACC0-4B5421E51144}.Release|ARM.Build.0 = Release|ARM
		{26284C0C-6789-41D2-ACC0-4B5421E51144}.Release|ARM.Deploy.0 = Release|ARM
		{26284C0C-6789-41D2-ACC0-4B5421E51144}.Release|x64.ActiveCfg = Release|x64
		{26284C0C-6789-41D2-ACC0-4B5421E51144}.Release|x64.Build.0 = Release|x64
		{26284C0C-6789-41D2-ACC0-4B5421E51144}.Release|x64.Deploy.0 = Release|x64
		{26284C0C-6789-41D2-ACC0-4B5421E51144}.Release|x86.ActiveCfg = Release|x86
		{26284C0C-6789-41D2-ACC0-4B5421E51144}.Release|x86.Build.0 = Release|x86
		{26284C0C-6789-41D2-ACC0-4B5421E51144}.Release|x86.Deploy.0 = Release|x86
		{006ADAB0-FF95-41EF-8F1A-510F89869A3B}.Debug|Any CPU.ActiveCfg = Debug|Any CPU
		{006ADAB0-FF95-41EF-8F1A-510F89869A3B}.Debug|Any CPU.Build.0 = Debug|Any CPU
		{006ADAB0-FF95-41EF-8F1A-510F89869A3B}.Debug|ARM.ActiveCfg = Debug|Any CPU
		{006ADAB0-FF95-41EF-8F1A-510F89869A3B}.Debug|ARM.Build.0 = Debug|Any CPU
		{006ADAB0-FF95-41EF-8F1A-510F89869A3B}.Debug|x64.ActiveCfg = Debug|Any CPU
		{006ADAB0-FF95-41EF-8F1A-510F89869A3B}.Debug|x64.Build.0 = Debug|Any CPU
		{006ADAB0-FF95-41EF-8F1A-510F89869A3B}.Debug|x86.ActiveCfg = Debug|Any CPU
		{006ADAB0-FF95-41EF-8F1A-510F89869A3B}.Debug|x86.Build.0 = Debug|Any CPU
		{006ADAB0-FF95-41EF-8F1A-510F89869A3B}.Release|Any CPU.ActiveCfg = Release|Any CPU
		{006ADAB0-FF95-41EF-8F1A-510F89869A3B}.Release|Any CPU.Build.0 = Release|Any CPU
		{006ADAB0-FF95-41EF-8F1A-510F89869A3B}.Release|ARM.ActiveCfg = Release|Any CPU
		{006ADAB0-FF95-41EF-8F1A-510F89869A3B}.Release|ARM.Build.0 = Release|Any CPU
		{006ADAB0-FF95-41EF-8F1A-510F89869A3B}.Release|x64.ActiveCfg = Release|Any CPU
		{006ADAB0-FF95-41EF-8F1A-510F89869A3B}.Release|x64.Build.0 = Release|Any CPU
		{006ADAB0-FF95-41EF-8F1A-510F89869A3B}.Release|x86.ActiveCfg = Release|Any CPU
		{006ADAB0-FF95-41EF-8F1A-510F89869A3B}.Release|x86.Build.0 = Release|Any CPU
		{2BE2F601-1F6A-45DE-A490-6A51963E8257}.Debug|Any CPU.ActiveCfg = Debug|Any CPU
		{2BE2F601-1F6A-45DE-A490-6A51963E8257}.Debug|Any CPU.Build.0 = Debug|Any CPU
		{2BE2F601-1F6A-45DE-A490-6A51963E8257}.Debug|ARM.ActiveCfg = Debug|Any CPU
		{2BE2F601-1F6A-45DE-A490-6A51963E8257}.Debug|ARM.Build.0 = Debug|Any CPU
		{2BE2F601-1F6A-45DE-A490-6A51963E8257}.Debug|x64.ActiveCfg = Debug|Any CPU
		{2BE2F601-1F6A-45DE-A490-6A51963E8257}.Debug|x64.Build.0 = Debug|Any CPU
		{2BE2F601-1F6A-45DE-A490-6A51963E8257}.Debug|x86.ActiveCfg = Debug|Any CPU
		{2BE2F601-1F6A-45DE-A490-6A51963E8257}.Debug|x86.Build.0 = Debug|Any CPU
		{2BE2F601-1F6A-45DE-A490-6A51963E8257}.Release|Any CPU.ActiveCfg = Release|Any CPU
		{2BE2F601-1F6A-45DE-A490-6A51963E8257}.Release|Any CPU.Build.0 = Release|Any CPU
		{2BE2F601-1F6A-45DE-A490-6A51963E8257}.Release|ARM.ActiveCfg = Release|Any CPU
		{2BE2F601-1F6A-45DE-A490-6A51963E8257}.Release|ARM.Build.0 = Release|Any CPU
		{2BE2F601-1F6A-45DE-A490-6A51963E8257}.Release|x64.ActiveCfg = Release|Any CPU
		{2BE2F601-1F6A-45DE-A490-6A51963E8257}.Release|x64.Build.0 = Release|Any CPU
		{2BE2F601-1F6A-45DE-A490-6A51963E8257}.Release|x86.ActiveCfg = Release|Any CPU
		{2BE2F601-1F6A-45DE-A490-6A51963E8257}.Release|x86.Build.0 = Release|Any CPU
		{2DAB1D3F-DBF2-43B2-9ADC-FE8A01EB30E7}.Debug|Any CPU.ActiveCfg = Debug|Any CPU
		{2DAB1D3F-DBF2-43B2-9ADC-FE8A01EB30E7}.Debug|Any CPU.Build.0 = Debug|Any CPU
		{2DAB1D3F-DBF2-43B2-9ADC-FE8A01EB30E7}.Debug|ARM.ActiveCfg = Debug|Any CPU
		{2DAB1D3F-DBF2-43B2-9ADC-FE8A01EB30E7}.Debug|ARM.Build.0 = Debug|Any CPU
		{2DAB1D3F-DBF2-43B2-9ADC-FE8A01EB30E7}.Debug|x64.ActiveCfg = Debug|Any CPU
		{2DAB1D3F-DBF2-43B2-9ADC-FE8A01EB30E7}.Debug|x64.Build.0 = Debug|Any CPU
		{2DAB1D3F-DBF2-43B2-9ADC-FE8A01EB30E7}.Debug|x86.ActiveCfg = Debug|Any CPU
		{2DAB1D3F-DBF2-43B2-9ADC-FE8A01EB30E7}.Debug|x86.Build.0 = Debug|Any CPU
		{2DAB1D3F-DBF2-43B2-9ADC-FE8A01EB30E7}.Release|Any CPU.ActiveCfg = Release|Any CPU
		{2DAB1D3F-DBF2-43B2-9ADC-FE8A01EB30E7}.Release|Any CPU.Build.0 = Release|Any CPU
		{2DAB1D3F-DBF2-43B2-9ADC-FE8A01EB30E7}.Release|ARM.ActiveCfg = Release|Any CPU
		{2DAB1D3F-DBF2-43B2-9ADC-FE8A01EB30E7}.Release|ARM.Build.0 = Release|Any CPU
		{2DAB1D3F-DBF2-43B2-9ADC-FE8A01EB30E7}.Release|x64.ActiveCfg = Release|Any CPU
		{2DAB1D3F-DBF2-43B2-9ADC-FE8A01EB30E7}.Release|x64.Build.0 = Release|Any CPU
		{2DAB1D3F-DBF2-43B2-9ADC-FE8A01EB30E7}.Release|x86.ActiveCfg = Release|Any CPU
		{2DAB1D3F-DBF2-43B2-9ADC-FE8A01EB30E7}.Release|x86.Build.0 = Release|Any CPU
		{8B738E5F-D1EC-42B2-A13E-E4DF3D95D874}.Debug|Any CPU.ActiveCfg = Debug|Any CPU
		{8B738E5F-D1EC-42B2-A13E-E4DF3D95D874}.Debug|Any CPU.Build.0 = Debug|Any CPU
		{8B738E5F-D1EC-42B2-A13E-E4DF3D95D874}.Debug|ARM.ActiveCfg = Debug|Any CPU
		{8B738E5F-D1EC-42B2-A13E-E4DF3D95D874}.Debug|ARM.Build.0 = Debug|Any CPU
		{8B738E5F-D1EC-42B2-A13E-E4DF3D95D874}.Debug|x64.ActiveCfg = Debug|Any CPU
		{8B738E5F-D1EC-42B2-A13E-E4DF3D95D874}.Debug|x64.Build.0 = Debug|Any CPU
		{8B738E5F-D1EC-42B2-A13E-E4DF3D95D874}.Debug|x86.ActiveCfg = Debug|Any CPU
		{8B738E5F-D1EC-42B2-A13E-E4DF3D95D874}.Debug|x86.Build.0 = Debug|Any CPU
		{8B738E5F-D1EC-42B2-A13E-E4DF3D95D874}.Release|Any CPU.ActiveCfg = Release|Any CPU
		{8B738E5F-D1EC-42B2-A13E-E4DF3D95D874}.Release|Any CPU.Build.0 = Release|Any CPU
		{8B738E5F-D1EC-42B2-A13E-E4DF3D95D874}.Release|ARM.ActiveCfg = Release|Any CPU
		{8B738E5F-D1EC-42B2-A13E-E4DF3D95D874}.Release|ARM.Build.0 = Release|Any CPU
		{8B738E5F-D1EC-42B2-A13E-E4DF3D95D874}.Release|x64.ActiveCfg = Release|Any CPU
		{8B738E5F-D1EC-42B2-A13E-E4DF3D95D874}.Release|x64.Build.0 = Release|Any CPU
		{8B738E5F-D1EC-42B2-A13E-E4DF3D95D874}.Release|x86.ActiveCfg = Release|Any CPU
		{8B738E5F-D1EC-42B2-A13E-E4DF3D95D874}.Release|x86.Build.0 = Release|Any CPU
		{8EDF4429-251A-416D-BB68-93F227191BCF}.Debug|Any CPU.ActiveCfg = Debug|Any CPU
		{8EDF4429-251A-416D-BB68-93F227191BCF}.Debug|Any CPU.Build.0 = Debug|Any CPU
		{8EDF4429-251A-416D-BB68-93F227191BCF}.Debug|ARM.ActiveCfg = Debug|Any CPU
		{8EDF4429-251A-416D-BB68-93F227191BCF}.Debug|ARM.Build.0 = Debug|Any CPU
		{8EDF4429-251A-416D-BB68-93F227191BCF}.Debug|x64.ActiveCfg = Debug|Any CPU
		{8EDF4429-251A-416D-BB68-93F227191BCF}.Debug|x64.Build.0 = Debug|Any CPU
		{8EDF4429-251A-416D-BB68-93F227191BCF}.Debug|x86.ActiveCfg = Debug|Any CPU
		{8EDF4429-251A-416D-BB68-93F227191BCF}.Debug|x86.Build.0 = Debug|Any CPU
		{8EDF4429-251A-416D-BB68-93F227191BCF}.Release|Any CPU.ActiveCfg = Release|Any CPU
		{8EDF4429-251A-416D-BB68-93F227191BCF}.Release|Any CPU.Build.0 = Release|Any CPU
		{8EDF4429-251A-416D-BB68-93F227191BCF}.Release|ARM.ActiveCfg = Release|Any CPU
		{8EDF4429-251A-416D-BB68-93F227191BCF}.Release|ARM.Build.0 = Release|Any CPU
		{8EDF4429-251A-416D-BB68-93F227191BCF}.Release|x64.ActiveCfg = Release|Any CPU
		{8EDF4429-251A-416D-BB68-93F227191BCF}.Release|x64.Build.0 = Release|Any CPU
		{8EDF4429-251A-416D-BB68-93F227191BCF}.Release|x86.ActiveCfg = Release|Any CPU
		{8EDF4429-251A-416D-BB68-93F227191BCF}.Release|x86.Build.0 = Release|Any CPU
	EndGlobalSection
	GlobalSection(SolutionProperties) = preSolution
		HideSolutionNode = FALSE
	EndGlobalSection
EndGlobal
